{
  "name": "chromium",
  "version": "1.0.0",
  "lockfileVersion": 1,
  "requires": true,
  "dependencies": {
    "chrome-aws-lambda": {
      "version": "1.12.1",
      "resolved": "https://registry.npmjs.org/chrome-aws-lambda/-/chrome-aws-lambda-1.12.1.tgz",
      "integrity": "sha512-YsEC8v7qJk4vL1Ca6EHLcfVRpZlTY6FIMHXfEA6u0oS+GX0mG2mjGU6nHFEss4z9mL3S/RZYssHX3TH8fM7yNw=="
    }
  }
}
