{
  "name": "chromium",
  "version": "1.0.0",
  "lockfileVersion": 1,
  "requires": true,
  "dependencies": {
    "chrome-aws-lambda": {
      "version": "2.1.1",
      "resolved": "https://registry.npmjs.org/chrome-aws-lambda/-/chrome-aws-lambda-2.1.1.tgz",
      "integrity": "sha512-Wer2QuygxsCov5bM2+8CLa6qYpNsc5AxYTlgTne00aFoxFP491LGJRxOQtGnYtsJP6UG4pB0SfrwTyPnLys1Lw==",
      "requires": {
        "lambdafs": "^1.3.0"
      }
    },
    "lambdafs": {
      "version": "1.3.0",
      "resolved": "https://registry.npmjs.org/lambdafs/-/lambdafs-1.3.0.tgz",
      "integrity": "sha512-HqRPmEgtkTW4sCYDUjTEuTGkjCHuLvtZU8iM8GkhD7SpjW4AJJbBk86YU4K43sWGuW5Vmzp1lVCx4ab/kJsuBw==",
      "requires": {
        "tar-fs": "^2.0.0"
      },
      "dependencies": {
        "bl": {
          "version": "3.0.0",
          "bundled": true,
          "requires": {
            "readable-stream": "^3.0.1"
          }
        },
        "chownr": {
          "version": "1.1.2",
          "bundled": true
        },
        "end-of-stream": {
          "version": "1.4.1",
          "bundled": true,
          "requires": {
            "once": "^1.4.0"
          }
        },
        "fs-constants": {
          "version": "1.0.0",
          "bundled": true
        },
        "inherits": {
          "version": "2.0.4",
          "bundled": true
        },
        "minimist": {
          "version": "0.0.8",
          "bundled": true
        },
        "mkdirp": {
          "version": "0.5.1",
          "bundled": true,
          "requires": {
            "minimist": "0.0.8"
          }
        },
        "once": {
          "version": "1.4.0",
          "bundled": true,
          "requires": {
            "wrappy": "1"
          }
        },
        "pump": {
          "version": "3.0.0",
          "bundled": true,
          "requires": {
            "end-of-stream": "^1.1.0",
            "once": "^1.3.1"
          }
        },
        "readable-stream": {
          "version": "3.4.0",
          "bundled": true,
          "requires": {
            "inherits": "^2.0.3",
            "string_decoder": "^1.1.1",
            "util-deprecate": "^1.0.1"
          }
        },
        "safe-buffer": {
          "version": "5.2.0",
          "bundled": true
        },
        "string_decoder": {
          "version": "1.3.0",
          "bundled": true,
          "requires": {
            "safe-buffer": "~5.2.0"
          }
        },
        "tar-fs": {
          "version": "2.0.0",
          "bundled": true,
          "requires": {
            "chownr": "^1.1.1",
            "mkdirp": "^0.5.1",
            "pump": "^3.0.0",
            "tar-stream": "^2.0.0"
          }
        },
        "tar-stream": {
          "version": "2.1.0",
          "bundled": true,
          "requires": {
            "bl": "^3.0.0",
            "end-of-stream": "^1.4.1",
            "fs-constants": "^1.0.0",
            "inherits": "^2.0.3",
            "readable-stream": "^3.1.1"
          }
        },
        "util-deprecate": {
          "version": "1.0.2",
          "bundled": true
        },
        "wrappy": {
          "version": "1.0.2",
          "bundled": true
        }
      }
    }
  }
}
